
Microsoft Visual Studio Solution File, Format Version 12.00
# Visual Studio Version 17
VisualStudioVersion = 17.5.33402.96
MinimumVisualStudioVersion = 10.0.40219.1
Project("{9A19103F-16F7-4668-BE54-9A1E7A4F7556}") = "InstagramWrapper", "InstagramWrapper\InstagramWrapper.csproj", "{48D128EF-78BC-4898-B12B-C33D0CED908A}"
EndProject
Project("{FAE04EC0-301F-11D3-BF4B-00C04F79EFBC}") = "DebugLibrary", "DebugLibrary\DebugLibrary.csproj", "{5F5BF557-B8DA-4D78-A9FC-C8229E43B0A4}"
EndProject
Global
	GlobalSection(SolutionConfigurationPlatforms) = preSolution
		Debug|Any CPU = Debug|Any CPU
		Release|Any CPU = Release|Any CPU
	EndGlobalSection
	GlobalSection(ProjectConfigurationPlatforms) = postSolution
		{48D128EF-78BC-4898-B12B-C33D0CED908A}.Debug|Any CPU.ActiveCfg = Debug|Any CPU
		{48D128EF-78BC-4898-B12B-C33D0CED908A}.Debug|Any CPU.Build.0 = Debug|Any CPU
		{48D128EF-78BC-4898-B12B-C33D0CED908A}.Release|Any CPU.ActiveCfg = Release|Any CPU
		{48D128EF-78BC-4898-B12B-C33D0CED908A}.Release|Any CPU.Build.0 = Release|Any CPU
		{5F5BF557-B8DA-4D78-A9FC-C8229E43B0A4}.Debug|Any CPU.ActiveCfg = Debug|Any CPU
		{5F5BF557-B8DA-4D78-A9FC-C8229E43B0A4}.Debug|Any CPU.Build.0 = Debug|Any CPU
		{5F5BF557-B8DA-4D78-A9FC-C8229E43B0A4}.Release|Any CPU.ActiveCfg = Release|Any CPU
		{5F5BF557-B8DA-4D78-A9FC-C8229E43B0A4}.Release|Any CPU.Build.0 = Release|Any CPU
	EndGlobalSection
	GlobalSection(SolutionProperties) = preSolution
		HideSolutionNode = FALSE
	EndGlobalSection
	GlobalSection(ExtensibilityGlobals) = postSolution
		SolutionGuid = {36BD958E-8EF9-4F96-82B7-1E6B9B21F579}
	EndGlobalSection
EndGlobal
